// !$*UTF8*$!
{
	archiveVersion = 1;
	classes = {
	};
	objectVersion = 56;
	objects = {

/* Begin PBXBuildFile section */
		2313159E2AE0B7950035E307 /* HowdyApp.swift in Sources */ = {isa = PBXBuildFile; fileRef = 2313159D2AE0B7950035E307 /* HowdyApp.swift */; };
		231315A02AE0B7950035E307 /* ContentView.swift in Sources */ = {isa = PBXBuildFile; fileRef = 2313159F2AE0B7950035E307 /* ContentView.swift */; };
		231315A22AE0B7970035E307 /* Assets.xcassets in Resources */ = {isa = PBXBuildFile; fileRef = 231315A12AE0B7970035E307 /* Assets.xcassets */; };
		231315A62AE0B7970035E307 /* Preview Assets.xcassets in Resources */ = {isa = PBXBuildFile; fileRef = 231315A52AE0B7970035E307 /* Preview Assets.xcassets */; };
		231315B02AE0B7970035E307 /* HowdyTests.swift in Sources */ = {isa = PBXBuildFile; fileRef = 231315AF2AE0B7970035E307 /* HowdyTests.swift */; };
		231315BA2AE0B7970035E307 /* HowdyUITests.swift in Sources */ = {isa = PBXBuildFile; fileRef = 231315B92AE0B7970035E307 /* HowdyUITests.swift */; };
		231315BC2AE0B7970035E307 /* HowdyUITestsLaunchTests.swift in Sources */ = {isa = PBXBuildFile; fileRef = 231315BB2AE0B7970035E307 /* HowdyUITestsLaunchTests.swift */; };
		231315CB2AE0C1F20035E307 /* LaunchScreenView.swift in Sources */ = {isa = PBXBuildFile; fileRef = 231315CA2AE0C1F20035E307 /* LaunchScreenView.swift */; };
		231315CD2AE0CAB50035E307 /* LaunchScreenManager.swift in Sources */ = {isa = PBXBuildFile; fileRef = 231315CC2AE0CAB50035E307 /* LaunchScreenManager.swift */; };
/* End PBXBuildFile section */

/* Begin PBXContainerItemProxy section */
		231315AC2AE0B7970035E307 /* PBXContainerItemProxy */ = {
			isa = PBXContainerItemProxy;
			containerPortal = 231315922AE0B7950035E307 /* Project object */;
			proxyType = 1;
			remoteGlobalIDString = 231315992AE0B7950035E307;
			remoteInfo = Howdy;
		};
		231315B62AE0B7970035E307 /* PBXContainerItemProxy */ = {
			isa = PBXContainerItemProxy;
			containerPortal = 231315922AE0B7950035E307 /* Project object */;
			proxyType = 1;
			remoteGlobalIDString = 231315992AE0B7950035E307;
			remoteInfo = Howdy;
		};
/* End PBXContainerItemProxy section */

/* Begin PBXFileReference section */
		2313159A2AE0B7950035E307 /* Howdy.app */ = {isa = PBXFileReference; explicitFileType = wrapper.application; includeInIndex = 0; path = Howdy.app; sourceTree = BUILT_PRODUCTS_DIR; };
		2313159D2AE0B7950035E307 /* HowdyApp.swift */ = {isa = PBXFileReference; lastKnownFileType = sourcecode.swift; path = HowdyApp.swift; sourceTree = "<group>"; };
		2313159F2AE0B7950035E307 /* ContentView.swift */ = {isa = PBXFileReference; lastKnownFileType = sourcecode.swift; path = ContentView.swift; sourceTree = "<group>"; };
		231315A12AE0B7970035E307 /* Assets.xcassets */ = {isa = PBXFileReference; lastKnownFileType = folder.assetcatalog; path = Assets.xcassets; sourceTree = "<group>"; };
		231315A32AE0B7970035E307 /* Howdy.entitlements */ = {isa = PBXFileReference; lastKnownFileType = text.plist.entitlements; path = Howdy.entitlements; sourceTree = "<group>"; };
		231315A52AE0B7970035E307 /* Preview Assets.xcassets */ = {isa = PBXFileReference; lastKnownFileType = folder.assetcatalog; path = "Preview Assets.xcassets"; sourceTree = "<group>"; };
		231315AB2AE0B7970035E307 /* HowdyTests.xctest */ = {isa = PBXFileReference; explicitFileType = wrapper.cfbundle; includeInIndex = 0; path = HowdyTests.xctest; sourceTree = BUILT_PRODUCTS_DIR; };
		231315AF2AE0B7970035E307 /* HowdyTests.swift */ = {isa = PBXFileReference; lastKnownFileType = sourcecode.swift; path = HowdyTests.swift; sourceTree = "<group>"; };
		231315B52AE0B7970035E307 /* HowdyUITests.xctest */ = {isa = PBXFileReference; explicitFileType = wrapper.cfbundle; includeInIndex = 0; path = HowdyUITests.xctest; sourceTree = BUILT_PRODUCTS_DIR; };
		231315B92AE0B7970035E307 /* HowdyUITests.swift */ = {isa = PBXFileReference; lastKnownFileType = sourcecode.swift; path = HowdyUITests.swift; sourceTree = "<group>"; };
		231315BB2AE0B7970035E307 /* HowdyUITestsLaunchTests.swift */ = {isa = PBXFileReference; lastKnownFileType = sourcecode.swift; path = HowdyUITestsLaunchTests.swift; sourceTree = "<group>"; };
		231315C92AE0BFC60035E307 /* Info.plist */ = {isa = PBXFileReference; lastKnownFileType = text.plist; path = Info.plist; sourceTree = "<group>"; };
		231315CA2AE0C1F20035E307 /* LaunchScreenView.swift */ = {isa = PBXFileReference; lastKnownFileType = sourcecode.swift; path = LaunchScreenView.swift; sourceTree = "<group>"; };
		231315CC2AE0CAB50035E307 /* LaunchScreenManager.swift */ = {isa = PBXFileReference; lastKnownFileType = sourcecode.swift; path = LaunchScreenManager.swift; sourceTree = "<group>"; };
/* End PBXFileReference section */

/* Begin PBXFrameworksBuildPhase section */
		231315972AE0B7950035E307 /* Frameworks */ = {
			isa = PBXFrameworksBuildPhase;
			buildActionMask = 2147483647;
			files = (
			);
			runOnlyForDeploymentPostprocessing = 0;
		};
		231315A82AE0B7970035E307 /* Frameworks */ = {
			isa = PBXFrameworksBuildPhase;
			buildActionMask = 2147483647;
			files = (
			);
			runOnlyForDeploymentPostprocessing = 0;
		};
		231315B22AE0B7970035E307 /* Frameworks */ = {
			isa = PBXFrameworksBuildPhase;
			buildActionMask = 2147483647;
			files = (
			);
			runOnlyForDeploymentPostprocessing = 0;
		};
/* End PBXFrameworksBuildPhase section */

/* Begin PBXGroup section */
		231315912AE0B7950035E307 = {
			isa = PBXGroup;
			children = (
				2313159C2AE0B7950035E307 /* Howdy */,
				231315AE2AE0B7970035E307 /* HowdyTests */,
				231315B82AE0B7970035E307 /* HowdyUITests */,
				2313159B2AE0B7950035E307 /* Products */,
			);
			sourceTree = "<group>";
		};
		2313159B2AE0B7950035E307 /* Products */ = {
			isa = PBXGroup;
			children = (
				2313159A2AE0B7950035E307 /* Howdy.app */,
				231315AB2AE0B7970035E307 /* HowdyTests.xctest */,
				231315B52AE0B7970035E307 /* HowdyUITests.xctest */,
			);
			name = Products;
			sourceTree = "<group>";
		};
		2313159C2AE0B7950035E307 /* Howdy */ = {
			isa = PBXGroup;
			children = (
				231315C92AE0BFC60035E307 /* Info.plist */,
				231315C82AE0B7EE0035E307 /* Launch Screen */,
				2313159D2AE0B7950035E307 /* HowdyApp.swift */,
				2313159F2AE0B7950035E307 /* ContentView.swift */,
				231315A12AE0B7970035E307 /* Assets.xcassets */,
				231315A32AE0B7970035E307 /* Howdy.entitlements */,
				231315A42AE0B7970035E307 /* Preview Content */,
			);
			path = Howdy;
			sourceTree = "<group>";
		};
		231315A42AE0B7970035E307 /* Preview Content */ = {
			isa = PBXGroup;
			children = (
				231315A52AE0B7970035E307 /* Preview Assets.xcassets */,
			);
			path = "Preview Content";
			sourceTree = "<group>";
		};
		231315AE2AE0B7970035E307 /* HowdyTests */ = {
			isa = PBXGroup;
			children = (
				231315AF2AE0B7970035E307 /* HowdyTests.swift */,
			);
			path = HowdyTests;
			sourceTree = "<group>";
		};
		231315B82AE0B7970035E307 /* HowdyUITests */ = {
			isa = PBXGroup;
			children = (
				231315B92AE0B7970035E307 /* HowdyUITests.swift */,
				231315BB2AE0B7970035E307 /* HowdyUITestsLaunchTests.swift */,
			);
			path = HowdyUITests;
			sourceTree = "<group>";
		};
		231315C82AE0B7EE0035E307 /* Launch Screen */ = {
			isa = PBXGroup;
			children = (
				231315CA2AE0C1F20035E307 /* LaunchScreenView.swift */,
				231315CC2AE0CAB50035E307 /* LaunchScreenManager.swift */,
			);
			path = "Launch Screen";
			sourceTree = "<group>";
		};
/* End PBXGroup section */

/* Begin PBXNativeTarget section */
		231315992AE0B7950035E307 /* Howdy */ = {
			isa = PBXNativeTarget;
			buildConfigurationList = 231315BF2AE0B7970035E307 /* Build configuration list for PBXNativeTarget "Howdy" */;
			buildPhases = (
				231315962AE0B7950035E307 /* Sources */,
				231315972AE0B7950035E307 /* Frameworks */,
				231315982AE0B7950035E307 /* Resources */,
			);
			buildRules = (
			);
			dependencies = (
			);
			name = Howdy;
			productName = Howdy;
			productReference = 2313159A2AE0B7950035E307 /* Howdy.app */;
			productType = "com.apple.product-type.application";
		};
		231315AA2AE0B7970035E307 /* HowdyTests */ = {
			isa = PBXNativeTarget;
			buildConfigurationList = 231315C22AE0B7970035E307 /* Build configuration list for PBXNativeTarget "HowdyTests" */;
			buildPhases = (
				231315A72AE0B7970035E307 /* Sources */,
				231315A82AE0B7970035E307 /* Frameworks */,
				231315A92AE0B7970035E307 /* Resources */,
			);
			buildRules = (
			);
			dependencies = (
				231315AD2AE0B7970035E307 /* PBXTargetDependency */,
			);
			name = HowdyTests;
			productName = HowdyTests;
			productReference = 231315AB2AE0B7970035E307 /* HowdyTests.xctest */;
			productType = "com.apple.product-type.bundle.unit-test";
		};
		231315B42AE0B7970035E307 /* HowdyUITests */ = {
			isa = PBXNativeTarget;
			buildConfigurationList = 231315C52AE0B7970035E307 /* Build configuration list for PBXNativeTarget "HowdyUITests" */;
			buildPhases = (
				231315B12AE0B7970035E307 /* Sources */,
				231315B22AE0B7970035E307 /* Frameworks */,
				231315B32AE0B7970035E307 /* Resources */,
			);
			buildRules = (
			);
			dependencies = (
				231315B72AE0B7970035E307 /* PBXTargetDependency */,
			);
			name = HowdyUITests;
			productName = HowdyUITests;
			productReference = 231315B52AE0B7970035E307 /* HowdyUITests.xctest */;
			productType = "com.apple.product-type.bundle.ui-testing";
		};
/* End PBXNativeTarget section */

/* Begin PBXProject section */
		231315922AE0B7950035E307 /* Project object */ = {
			isa = PBXProject;
			attributes = {
				BuildIndependentTargetsInParallel = 1;
				LastSwiftUpdateCheck = 1500;
				LastUpgradeCheck = 1500;
				TargetAttributes = {
					231315992AE0B7950035E307 = {
						CreatedOnToolsVersion = 15.0;
					};
					231315AA2AE0B7970035E307 = {
						CreatedOnToolsVersion = 15.0;
						TestTargetID = 231315992AE0B7950035E307;
					};
					231315B42AE0B7970035E307 = {
						CreatedOnToolsVersion = 15.0;
						TestTargetID = 231315992AE0B7950035E307;
					};
				};
			};
			buildConfigurationList = 231315952AE0B7950035E307 /* Build configuration list for PBXProject "Howdy" */;
			compatibilityVersion = "Xcode 14.0";
			developmentRegion = en;
			hasScannedForEncodings = 0;
			knownRegions = (
				en,
				Base,
			);
			mainGroup = 231315912AE0B7950035E307;
			productRefGroup = 2313159B2AE0B7950035E307 /* Products */;
			projectDirPath = "";
			projectRoot = "";
			targets = (
				231315992AE0B7950035E307 /* Howdy */,
				231315AA2AE0B7970035E307 /* HowdyTests */,
				231315B42AE0B7970035E307 /* HowdyUITests */,
			);
		};
/* End PBXProject section */

/* Begin PBXResourcesBuildPhase section */
		231315982AE0B7950035E307 /* Resources */ = {
			isa = PBXResourcesBuildPhase;
			buildActionMask = 2147483647;
			files = (
				231315A62AE0B7970035E307 /* Preview Assets.xcassets in Resources */,
				231315A22AE0B7970035E307 /* Assets.xcassets in Resources */,
			);
			runOnlyForDeploymentPostprocessing = 0;
		};
		231315A92AE0B7970035E307 /* Resources */ = {
			isa = PBXResourcesBuildPhase;
			buildActionMask = 2147483647;
			files = (
			);
			runOnlyForDeploymentPostprocessing = 0;
		};
		231315B32AE0B7970035E307 /* Resources */ = {
			isa = PBXResourcesBuildPhase;
			buildActionMask = 2147483647;
			files = (
			);
			runOnlyForDeploymentPostprocessing = 0;
		};
/* End PBXResourcesBuildPhase section */

/* Begin PBXSourcesBuildPhase section */
		231315962AE0B7950035E307 /* Sources */ = {
			isa = PBXSourcesBuildPhase;
			buildActionMask = 2147483647;
			files = (
				231315A02AE0B7950035E307 /* ContentView.swift in Sources */,
				2313159E2AE0B7950035E307 /* HowdyApp.swift in Sources */,
				231315CD2AE0CAB50035E307 /* LaunchScreenManager.swift in Sources */,
				231315CB2AE0C1F20035E307 /* LaunchScreenView.swift in Sources */,
			);
			runOnlyForDeploymentPostprocessing = 0;
		};
		231315A72AE0B7970035E307 /* Sources */ = {
			isa = PBXSourcesBuildPhase;
			buildActionMask = 2147483647;
			files = (
				231315B02AE0B7970035E307 /* HowdyTests.swift in Sources */,
			);
			runOnlyForDeploymentPostprocessing = 0;
		};
		231315B12AE0B7970035E307 /* Sources */ = {
			isa = PBXSourcesBuildPhase;
			buildActionMask = 2147483647;
			files = (
				231315BC2AE0B7970035E307 /* HowdyUITestsLaunchTests.swift in Sources */,
				231315BA2AE0B7970035E307 /* HowdyUITests.swift in Sources */,
			);
			runOnlyForDeploymentPostprocessing = 0;
		};
/* End PBXSourcesBuildPhase section */

/* Begin PBXTargetDependency section */
		231315AD2AE0B7970035E307 /* PBXTargetDependency */ = {
			isa = PBXTargetDependency;
			target = 231315992AE0B7950035E307 /* Howdy */;
			targetProxy = 231315AC2AE0B7970035E307 /* PBXContainerItemProxy */;
		};
		231315B72AE0B7970035E307 /* PBXTargetDependency */ = {
			isa = PBXTargetDependency;
			target = 231315992AE0B7950035E307 /* Howdy */;
			targetProxy = 231315B62AE0B7970035E307 /* PBXContainerItemProxy */;
		};
/* End PBXTargetDependency section */

/* Begin XCBuildConfiguration section */
		231315BD2AE0B7970035E307 /* Debug */ = {
			isa = XCBuildConfiguration;
			buildSettings = {
				ALWAYS_SEARCH_USER_PATHS = NO;
				ASSETCATALOG_COMPILER_GENERATE_SWIFT_ASSET_SYMBOL_EXTENSIONS = YES;
				CLANG_ANALYZER_NONNULL = YES;
				CLANG_ANALYZER_NUMBER_OBJECT_CONVERSION = YES_AGGRESSIVE;
				CLANG_CXX_LANGUAGE_STANDARD = "gnu++20";
				CLANG_ENABLE_MODULES = YES;
				CLANG_ENABLE_OBJC_ARC = YES;
				CLANG_ENABLE_OBJC_WEAK = YES;
				CLANG_WARN_BLOCK_CAPTURE_AUTORELEASING = YES;
				CLANG_WARN_BOOL_CONVERSION = YES;
				CLANG_WARN_COMMA = YES;
				CLANG_WARN_CONSTANT_CONVERSION = YES;
				CLANG_WARN_DEPRECATED_OBJC_IMPLEMENTATIONS = YES;
				CLANG_WARN_DIRECT_OBJC_ISA_USAGE = YES_ERROR;
				CLANG_WARN_DOCUMENTATION_COMMENTS = YES;
				CLANG_WARN_EMPTY_BODY = YES;
				CLANG_WARN_ENUM_CONVERSION = YES;
				CLANG_WARN_INFINITE_RECURSION = YES;
				CLANG_WARN_INT_CONVERSION = YES;
				CLANG_WARN_NON_LITERAL_NULL_CONVERSION = YES;
				CLANG_WARN_OBJC_IMPLICIT_RETAIN_SELF = YES;
				CLANG_WARN_OBJC_LITERAL_CONVERSION = YES;
				CLANG_WARN_OBJC_ROOT_CLASS = YES_ERROR;
				CLANG_WARN_QUOTED_INCLUDE_IN_FRAMEWORK_HEADER = YES;
				CLANG_WARN_RANGE_LOOP_ANALYSIS = YES;
				CLANG_WARN_STRICT_PROTOTYPES = YES;
				CLANG_WARN_SUSPICIOUS_MOVE = YES;
				CLANG_WARN_UNGUARDED_AVAILABILITY = YES_AGGRESSIVE;
				CLANG_WARN_UNREACHABLE_CODE = YES;
				CLANG_WARN__DUPLICATE_METHOD_MATCH = YES;
				COPY_PHASE_STRIP = NO;
				DEBUG_INFORMATION_FORMAT = dwarf;
				ENABLE_STRICT_OBJC_MSGSEND = YES;
				ENABLE_TESTABILITY = YES;
				ENABLE_USER_SCRIPT_SANDBOXING = YES;
				GCC_C_LANGUAGE_STANDARD = gnu17;
				GCC_DYNAMIC_NO_PIC = NO;
				GCC_NO_COMMON_BLOCKS = YES;
				GCC_OPTIMIZATION_LEVEL = 0;
				GCC_PREPROCESSOR_DEFINITIONS = (
					"DEBUG=1",
					"$(inherited)",
				);
				GCC_WARN_64_TO_32_BIT_CONVERSION = YES;
				GCC_WARN_ABOUT_RETURN_TYPE = YES_ERROR;
				GCC_WARN_UNDECLARED_SELECTOR = YES;
				GCC_WARN_UNINITIALIZED_AUTOS = YES_AGGRESSIVE;
				GCC_WARN_UNUSED_FUNCTION = YES;
				GCC_WARN_UNUSED_VARIABLE = YES;
				LOCALIZATION_PREFERS_STRING_CATALOGS = YES;
				MTL_ENABLE_DEBUG_INFO = INCLUDE_SOURCE;
				MTL_FAST_MATH = YES;
				ONLY_ACTIVE_ARCH = YES;
				SWIFT_ACTIVE_COMPILATION_CONDITIONS = "DEBUG $(inherited)";
				SWIFT_OPTIMIZATION_LEVEL = "-Onone";
			};
			name = Debug;
		};
		231315BE2AE0B7970035E307 /* Release */ = {
			isa = XCBuildConfiguration;
			buildSettings = {
				ALWAYS_SEARCH_USER_PATHS = NO;
				ASSETCATALOG_COMPILER_GENERATE_SWIFT_ASSET_SYMBOL_EXTENSIONS = YES;
				CLANG_ANALYZER_NONNULL = YES;
				CLANG_ANALYZER_NUMBER_OBJECT_CONVERSION = YES_AGGRESSIVE;
				CLANG_CXX_LANGUAGE_STANDARD = "gnu++20";
				CLANG_ENABLE_MODULES = YES;
				CLANG_ENABLE_OBJC_ARC = YES;
				CLANG_ENABLE_OBJC_WEAK = YES;
				CLANG_WARN_BLOCK_CAPTURE_AUTORELEASING = YES;
				CLANG_WARN_BOOL_CONVERSION = YES;
				CLANG_WARN_COMMA = YES;
				CLANG_WARN_CONSTANT_CONVERSION = YES;
				CLANG_WARN_DEPRECATED_OBJC_IMPLEMENTATIONS = YES;
				CLANG_WARN_DIRECT_OBJC_ISA_USAGE = YES_ERROR;
				CLANG_WARN_DOCUMENTATION_COMMENTS = YES;
				CLANG_WARN_EMPTY_BODY = YES;
				CLANG_WARN_ENUM_CONVERSION = YES;
				CLANG_WARN_INFINITE_RECURSION = YES;
				CLANG_WARN_INT_CONVERSION = YES;
				CLANG_WARN_NON_LITERAL_NULL_CONVERSION = YES;
				CLANG_WARN_OBJC_IMPLICIT_RETAIN_SELF = YES;
				CLANG_WARN_OBJC_LITERAL_CONVERSION = YES;
				CLANG_WARN_OBJC_ROOT_CLASS = YES_ERROR;
				CLANG_WARN_QUOTED_INCLUDE_IN_FRAMEWORK_HEADER = YES;
				CLANG_WARN_RANGE_LOOP_ANALYSIS = YES;
				CLANG_WARN_STRICT_PROTOTYPES = YES;
				CLANG_WARN_SUSPICIOUS_MOVE = YES;
				CLANG_WARN_UNGUARDED_AVAILABILITY = YES_AGGRESSIVE;
				CLANG_WARN_UNREACHABLE_CODE = YES;
				CLANG_WARN__DUPLICATE_METHOD_MATCH = YES;
				COPY_PHASE_STRIP = NO;
				DEBUG_INFORMATION_FORMAT = "dwarf-with-dsym";
				ENABLE_NS_ASSERTIONS = NO;
				ENABLE_STRICT_OBJC_MSGSEND = YES;
				ENABLE_USER_SCRIPT_SANDBOXING = YES;
				GCC_C_LANGUAGE_STANDARD = gnu17;
				GCC_NO_COMMON_BLOCKS = YES;
				GCC_WARN_64_TO_32_BIT_CONVERSION = YES;
				GCC_WARN_ABOUT_RETURN_TYPE = YES_ERROR;
				GCC_WARN_UNDECLARED_SELECTOR = YES;
				GCC_WARN_UNINITIALIZED_AUTOS = YES_AGGRESSIVE;
				GCC_WARN_UNUSED_FUNCTION = YES;
				GCC_WARN_UNUSED_VARIABLE = YES;
				LOCALIZATION_PREFERS_STRING_CATALOGS = YES;
				MTL_ENABLE_DEBUG_INFO = NO;
				MTL_FAST_MATH = YES;
				SWIFT_COMPILATION_MODE = wholemodule;
			};
			name = Release;
		};
		231315C02AE0B7970035E307 /* Debug */ = {
			isa = XCBuildConfiguration;
			buildSettings = {
				ASSETCATALOG_COMPILER_APPICON_NAME = AppIcon;
				ASSETCATALOG_COMPILER_GLOBAL_ACCENT_COLOR_NAME = AccentColor;
				CODE_SIGN_ENTITLEMENTS = Howdy/Howdy.entitlements;
				CODE_SIGN_STYLE = Automatic;
				CURRENT_PROJECT_VERSION = 1;
				DEVELOPMENT_ASSET_PATHS = "\"Howdy/Preview Content\"";
				DEVELOPMENT_TEAM = FY6D88PP57;
				ENABLE_HARDENED_RUNTIME = YES;
				ENABLE_PREVIEWS = YES;
				GENERATE_INFOPLIST_FILE = YES;
				INFOPLIST_FILE = Howdy/Info.plist;
				INFOPLIST_KEY_CFBundleDisplayName = "";
				INFOPLIST_KEY_LSApplicationCategoryType = "";
				"INFOPLIST_KEY_UIApplicationSceneManifest_Generation[sdk=iphoneos*]" = YES;
				"INFOPLIST_KEY_UIApplicationSceneManifest_Generation[sdk=iphonesimulator*]" = YES;
				"INFOPLIST_KEY_UIApplicationSupportsIndirectInputEvents[sdk=iphoneos*]" = YES;
				"INFOPLIST_KEY_UIApplicationSupportsIndirectInputEvents[sdk=iphonesimulator*]" = YES;
				"INFOPLIST_KEY_UILaunchScreen_Generation[sdk=iphoneos*]" = YES;
				"INFOPLIST_KEY_UILaunchScreen_Generation[sdk=iphonesimulator*]" = YES;
				"INFOPLIST_KEY_UIStatusBarStyle[sdk=iphoneos*]" = UIStatusBarStyleDefault;
				"INFOPLIST_KEY_UIStatusBarStyle[sdk=iphonesimulator*]" = UIStatusBarStyleDefault;
				INFOPLIST_KEY_UISupportedInterfaceOrientations_iPad = "UIInterfaceOrientationPortrait UIInterfaceOrientationPortraitUpsideDown UIInterfaceOrientationLandscapeLeft UIInterfaceOrientationLandscapeRight";
				INFOPLIST_KEY_UISupportedInterfaceOrientations_iPhone = "UIInterfaceOrientationPortrait UIInterfaceOrientationLandscapeLeft UIInterfaceOrientationLandscapeRight";
				IPHONEOS_DEPLOYMENT_TARGET = 17.0;
				LD_RUNPATH_SEARCH_PATHS = "@executable_path/Frameworks";
				"LD_RUNPATH_SEARCH_PATHS[sdk=macosx*]" = "@executable_path/../Frameworks";
				MACOSX_DEPLOYMENT_TARGET = 14.0;
				MARKETING_VERSION = 1.0;
				PRODUCT_BUNDLE_IDENTIFIER = "Peacemakers-Club.Howdy";
				PRODUCT_NAME = "$(TARGET_NAME)";
				SDKROOT = auto;
				SUPPORTED_PLATFORMS = "iphoneos iphonesimulator macosx";
				SWIFT_EMIT_LOC_STRINGS = YES;
				SWIFT_VERSION = 5.0;
				TARGETED_DEVICE_FAMILY = "1,2";
			};
			name = Debug;
		};
		231315C12AE0B7970035E307 /* Release */ = {
			isa = XCBuildConfiguration;
			buildSettings = {
				ASSETCATALOG_COMPILER_APPICON_NAME = AppIcon;
				ASSETCATALOG_COMPILER_GLOBAL_ACCENT_COLOR_NAME = AccentColor;
				CODE_SIGN_ENTITLEMENTS = Howdy/Howdy.entitlements;
				CODE_SIGN_STYLE = Automatic;
				CURRENT_PROJECT_VERSION = 1;
				DEVELOPMENT_ASSET_PATHS = "\"Howdy/Preview Content\"";
				DEVELOPMENT_TEAM = FY6D88PP57;
				ENABLE_HARDENED_RUNTIME = YES;
				ENABLE_PREVIEWS = YES;
				GENERATE_INFOPLIST_FILE = YES;
				INFOPLIST_FILE = Howdy/Info.plist;
				INFOPLIST_KEY_CFBundleDisplayName = "";
				INFOPLIST_KEY_LSApplicationCategoryType = "";
				"INFOPLIST_KEY_UIApplicationSceneManifest_Generation[sdk=iphoneos*]" = YES;
				"INFOPLIST_KEY_UIApplicationSceneManifest_Generation[sdk=iphonesimulator*]" = YES;
				"INFOPLIST_KEY_UIApplicationSupportsIndirectInputEvents[sdk=iphoneos*]" = YES;
				"INFOPLIST_KEY_UIApplicationSupportsIndirectInputEvents[sdk=iphonesimulator*]" = YES;
				"INFOPLIST_KEY_UILaunchScreen_Generation[sdk=iphoneos*]" = YES;
				"INFOPLIST_KEY_UILaunchScreen_Generation[sdk=iphonesimulator*]" = YES;
				"INFOPLIST_KEY_UIStatusBarStyle[sdk=iphoneos*]" = UIStatusBarStyleDefault;
				"INFOPLIST_KEY_UIStatusBarStyle[sdk=iphonesimulator*]" = UIStatusBarStyleDefault;
				INFOPLIST_KEY_UISupportedInterfaceOrientations_iPad = "UIInterfaceOrientationPortrait UIInterfaceOrientationPortraitUpsideDown UIInterfaceOrientationLandscapeLeft UIInterfaceOrientationLandscapeRight";
				INFOPLIST_KEY_UISupportedInterfaceOrientations_iPhone = "UIInterfaceOrientationPortrait UIInterfaceOrientationLandscapeLeft UIInterfaceOrientationLandscapeRight";
				IPHONEOS_DEPLOYMENT_TARGET = 17.0;
				LD_RUNPATH_SEARCH_PATHS = "@executable_path/Frameworks";
				"LD_RUNPATH_SEARCH_PATHS[sdk=macosx*]" = "@executable_path/../Frameworks";
				MACOSX_DEPLOYMENT_TARGET = 14.0;
				MARKETING_VERSION = 1.0;
				PRODUCT_BUNDLE_IDENTIFIER = "Peacemakers-Club.Howdy";
				PRODUCT_NAME = "$(TARGET_NAME)";
				SDKROOT = auto;
				SUPPORTED_PLATFORMS = "iphoneos iphonesimulator macosx";
				SWIFT_EMIT_LOC_STRINGS = YES;
				SWIFT_VERSION = 5.0;
				TARGETED_DEVICE_FAMILY = "1,2";
			};
			name = Release;
		};
		231315C32AE0B7970035E307 /* Debug */ = {
			isa = XCBuildConfiguration;
			buildSettings = {
				ALWAYS_EMBED_SWIFT_STANDARD_LIBRARIES = YES;
				BUNDLE_LOADER = "$(TEST_HOST)";
				CODE_SIGN_STYLE = Automatic;
				CURRENT_PROJECT_VERSION = 1;
				DEVELOPMENT_TEAM = FY6D88PP57;
				GENERATE_INFOPLIST_FILE = YES;
				IPHONEOS_DEPLOYMENT_TARGET = 17.0;
				MACOSX_DEPLOYMENT_TARGET = 14.0;
				MARKETING_VERSION = 1.0;
				PRODUCT_BUNDLE_IDENTIFIER = "Peacemakers-Club.HowdyTests";
				PRODUCT_NAME = "$(TARGET_NAME)";
				SDKROOT = auto;
				SUPPORTED_PLATFORMS = "iphoneos iphonesimulator macosx";
				SWIFT_EMIT_LOC_STRINGS = NO;
				SWIFT_VERSION = 5.0;
				TARGETED_DEVICE_FAMILY = "1,2";
				TEST_HOST = "$(BUILT_PRODUCTS_DIR)/Howdy.app/$(BUNDLE_EXECUTABLE_FOLDER_PATH)/Howdy";
			};
			name = Debug;
		};
		231315C42AE0B7970035E307 /* Release */ = {
			isa = XCBuildConfiguration;
			buildSettings = {
				ALWAYS_EMBED_SWIFT_STANDARD_LIBRARIES = YES;
				BUNDLE_LOADER = "$(TEST_HOST)";
				CODE_SIGN_STYLE = Automatic;
				CURRENT_PROJECT_VERSION = 1;
				DEVELOPMENT_TEAM = FY6D88PP57;
				GENERATE_INFOPLIST_FILE = YES;
				IPHONEOS_DEPLOYMENT_TARGET = 17.0;
				MACOSX_DEPLOYMENT_TARGET = 14.0;
				MARKETING_VERSION = 1.0;
				PRODUCT_BUNDLE_IDENTIFIER = "Peacemakers-Club.HowdyTests";
				PRODUCT_NAME = "$(TARGET_NAME)";
				SDKROOT = auto;
				SUPPORTED_PLATFORMS = "iphoneos iphonesimulator macosx";
				SWIFT_EMIT_LOC_STRINGS = NO;
				SWIFT_VERSION = 5.0;
				TARGETED_DEVICE_FAMILY = "1,2";
				TEST_HOST = "$(BUILT_PRODUCTS_DIR)/Howdy.app/$(BUNDLE_EXECUTABLE_FOLDER_PATH)/Howdy";
			};
			name = Release;
		};
		231315C62AE0B7970035E307 /* Debug */ = {
			isa = XCBuildConfiguration;
			buildSettings = {
				ALWAYS_EMBED_SWIFT_STANDARD_LIBRARIES = YES;
				CODE_SIGN_STYLE = Automatic;
				CURRENT_PROJECT_VERSION = 1;
				DEVELOPMENT_TEAM = FY6D88PP57;
				GENERATE_INFOPLIST_FILE = YES;
				IPHONEOS_DEPLOYMENT_TARGET = 17.0;
				MACOSX_DEPLOYMENT_TARGET = 14.0;
				MARKETING_VERSION = 1.0;
				PRODUCT_BUNDLE_IDENTIFIER = "Peacemakers-Club.HowdyUITests";
				PRODUCT_NAME = "$(TARGET_NAME)";
				SDKROOT = auto;
				SUPPORTED_PLATFORMS = "iphoneos iphonesimulator macosx";
				SWIFT_EMIT_LOC_STRINGS = NO;
				SWIFT_VERSION = 5.0;
				TARGETED_DEVICE_FAMILY = "1,2";
				TEST_TARGET_NAME = Howdy;
			};
			name = Debug;
		};
		231315C72AE0B7970035E307 /* Release */ = {
			isa = XCBuildConfiguration;
			buildSettings = {
				ALWAYS_EMBED_SWIFT_STANDARD_LIBRARIES = YES;
				CODE_SIGN_STYLE = Automatic;
				CURRENT_PROJECT_VERSION = 1;
				DEVELOPMENT_TEAM = FY6D88PP57;
				GENERATE_INFOPLIST_FILE = YES;
				IPHONEOS_DEPLOYMENT_TARGET = 17.0;
				MACOSX_DEPLOYMENT_TARGET = 14.0;
				MARKETING_VERSION = 1.0;
				PRODUCT_BUNDLE_IDENTIFIER = "Peacemakers-Club.HowdyUITests";
				PRODUCT_NAME = "$(TARGET_NAME)";
				SDKROOT = auto;
				SUPPORTED_PLATFORMS = "iphoneos iphonesimulator macosx";
				SWIFT_EMIT_LOC_STRINGS = NO;
				SWIFT_VERSION = 5.0;
				TARGETED_DEVICE_FAMILY = "1,2";
				TEST_TARGET_NAME = Howdy;
			};
			name = Release;
		};
/* End XCBuildConfiguration section */

/* Begin XCConfigurationList section */
		231315952AE0B7950035E307 /* Build configuration list for PBXProject "Howdy" */ = {
			isa = XCConfigurationList;
			buildConfigurations = (
				231315BD2AE0B7970035E307 /* Debug */,
				231315BE2AE0B7970035E307 /* Release */,
			);
			defaultConfigurationIsVisible = 0;
			defaultConfigurationName = Release;
		};
		231315BF2AE0B7970035E307 /* Build configuration list for PBXNativeTarget "Howdy" */ = {
			isa = XCConfigurationList;
			buildConfigurations = (
				231315C02AE0B7970035E307 /* Debug */,
				231315C12AE0B7970035E307 /* Release */,
			);
			defaultConfigurationIsVisible = 0;
			defaultConfigurationName = Release;
		};
		231315C22AE0B7970035E307 /* Build configuration list for PBXNativeTarget "HowdyTests" */ = {
			isa = XCConfigurationList;
			buildConfigurations = (
				231315C32AE0B7970035E307 /* Debug */,
				231315C42AE0B7970035E307 /* Release */,
			);
			defaultConfigurationIsVisible = 0;
			defaultConfigurationName = Release;
		};
		231315C52AE0B7970035E307 /* Build configuration list for PBXNativeTarget "HowdyUITests" */ = {
			isa = XCConfigurationList;
			buildConfigurations = (
				231315C62AE0B7970035E307 /* Debug */,
				231315C72AE0B7970035E307 /* Release */,
			);
			defaultConfigurationIsVisible = 0;
			defaultConfigurationName = Release;
		};
/* End XCConfigurationList section */
	};
	rootObject = 231315922AE0B7950035E307 /* Project object */;
}
